
Microsoft Visual Studio Solution File, Format Version 12.00
# Visual Studio Version 16
VisualStudioVersion = 16.0.30711.63
MinimumVisualStudioVersion = 10.0.40219.1
Project("{FAE04EC0-301F-11D3-BF4B-00C04F79EFBC}") = "WebApplication1", "WebApplication1\WebApplication1.csproj", "{C669BD4C-651D-4014-B14A-BC79F6E65BDE}"
EndProject
Global
	GlobalSection(SolutionConfigurationPlatforms) = preSolution
		Debug|Any CPU = Debug|Any CPU
		Release|Any CPU = Release|Any CPU
	EndGlobalSection
	GlobalSection(ProjectConfigurationPlatforms) = postSolution
		{C669BD4C-651D-4014-B14A-BC79F6E65BDE}.Debug|Any CPU.ActiveCfg = Debug|Any CPU
		{C669BD4C-651D-4014-B14A-BC79F6E65BDE}.Debug|Any CPU.Build.0 = Debug|Any CPU
		{C669BD4C-651D-4014-B14A-BC79F6E65BDE}.Release|Any CPU.ActiveCfg = Release|Any CPU
		{C669BD4C-651D-4014-B14A-BC79F6E65BDE}.Release|Any CPU.Build.0 = Release|Any CPU
	EndGlobalSection
	GlobalSection(SolutionProperties) = preSolution
		HideSolutionNode = FALSE
	EndGlobalSection
	GlobalSection(ExtensibilityGlobals) = postSolution
		SolutionGuid = {257737D3-797E-4C3D-B679-C95101C6C983}
	EndGlobalSection
EndGlobal
